// !$*UTF8*$!
{
	archiveVersion = 1;
	classes = {
	};
	objectVersion = 48;
	objects = {

/* Begin PBXBuildFile section */
		301ADBC91FA1309700E016EE /* OrderItem.swift in Sources */ = {isa = PBXBuildFile; fileRef = 301ADBC81FA1309700E016EE /* OrderItem.swift */; };
		301ADBCB1FA266B900E016EE /* PaymentViewController.swift in Sources */ = {isa = PBXBuildFile; fileRef = 301ADBCA1FA266B900E016EE /* PaymentViewController.swift */; };
		301ADBCD1FA3922000E016EE /* QRViewController.swift in Sources */ = {isa = PBXBuildFile; fileRef = 301ADBCC1FA3922000E016EE /* QRViewController.swift */; };
		301ADBCF1FA3922B00E016EE /* CashViewController.swift in Sources */ = {isa = PBXBuildFile; fileRef = 301ADBCE1FA3922B00E016EE /* CashViewController.swift */; };
		301ADBD11FA3923300E016EE /* CardViewController.swift in Sources */ = {isa = PBXBuildFile; fileRef = 301ADBD01FA3923300E016EE /* CardViewController.swift */; };
		301ADBD31FA3A5C200E016EE /* QRConfirmViewController.swift in Sources */ = {isa = PBXBuildFile; fileRef = 301ADBD21FA3A5C200E016EE /* QRConfirmViewController.swift */; };
		301EC0D51F9D0DCD0097915B /* DrinkSelectionTableViewCell.swift in Sources */ = {isa = PBXBuildFile; fileRef = 301EC0D41F9D0DCC0097915B /* DrinkSelectionTableViewCell.swift */; };
		301EC0D81F9D10D40097915B /* OrderTableViewCell.swift in Sources */ = {isa = PBXBuildFile; fileRef = 301EC0D71F9D10D40097915B /* OrderTableViewCell.swift */; };
		307724B11FA519CD00493B91 /* Global.swift in Sources */ = {isa = PBXBuildFile; fileRef = 307724B01FA519CD00493B91 /* Global.swift */; };
		307724B31FA51CF900493B91 /* Alerts.swift in Sources */ = {isa = PBXBuildFile; fileRef = 307724B21FA51CF900493B91 /* Alerts.swift */; };
		307724B51FA525FA00493B91 /* OpenOrdersTableViewCell.swift in Sources */ = {isa = PBXBuildFile; fileRef = 307724B41FA525FA00493B91 /* OpenOrdersTableViewCell.swift */; };
		307724B71FA527B000493B91 /* Order.swift in Sources */ = {isa = PBXBuildFile; fileRef = 307724B61FA527B000493B91 /* Order.swift */; };
		307724B91FA5EBDB00493B91 /* Drinks.swift in Sources */ = {isa = PBXBuildFile; fileRef = 307724B81FA5EBDB00493B91 /* Drinks.swift */; };
		3086F4831F7D9107006F5C92 /* AppDelegate.swift in Sources */ = {isa = PBXBuildFile; fileRef = 3086F4821F7D9107006F5C92 /* AppDelegate.swift */; };
		3086F4851F7D9107006F5C92 /* InitialViewController.swift in Sources */ = {isa = PBXBuildFile; fileRef = 3086F4841F7D9107006F5C92 /* InitialViewController.swift */; };
		3086F4881F7D9107006F5C92 /* Main.storyboard in Resources */ = {isa = PBXBuildFile; fileRef = 3086F4861F7D9107006F5C92 /* Main.storyboard */; };
		3086F48A1F7D9107006F5C92 /* Assets.xcassets in Resources */ = {isa = PBXBuildFile; fileRef = 3086F4891F7D9107006F5C92 /* Assets.xcassets */; };
		3086F48D1F7D9107006F5C92 /* LaunchScreen.storyboard in Resources */ = {isa = PBXBuildFile; fileRef = 3086F48B1F7D9107006F5C92 /* LaunchScreen.storyboard */; };
		3086F4981F7D9107006F5C92 /* QRposTests.swift in Sources */ = {isa = PBXBuildFile; fileRef = 3086F4971F7D9107006F5C92 /* QRposTests.swift */; };
		3086F4A31F7D9107006F5C92 /* QRposUITests.swift in Sources */ = {isa = PBXBuildFile; fileRef = 3086F4A21F7D9107006F5C92 /* QRposUITests.swift */; };
		30935A551F9FEEC40056A380 /* NewOrderViewController.swift in Sources */ = {isa = PBXBuildFile; fileRef = 30935A541F9FEEC40056A380 /* NewOrderViewController.swift */; };
		3097F6031FA1036300810B35 /* CloseTabViewController.swift in Sources */ = {isa = PBXBuildFile; fileRef = 3097F6021FA1036300810B35 /* CloseTabViewController.swift */; };
		3097F6081FA1055D00810B35 /* Drink.swift in Sources */ = {isa = PBXBuildFile; fileRef = 3097F6071FA1055D00810B35 /* Drink.swift */; };
		30E192D21FA7621600A7EC02 /* API.swift in Sources */ = {isa = PBXBuildFile; fileRef = 30E192D11FA7621600A7EC02 /* API.swift */; };
/* End PBXBuildFile section */

/* Begin PBXContainerItemProxy section */
		3086F4941F7D9107006F5C92 /* PBXContainerItemProxy */ = {
			isa = PBXContainerItemProxy;
			containerPortal = 3086F4771F7D9107006F5C92 /* Project object */;
			proxyType = 1;
			remoteGlobalIDString = 3086F47E1F7D9107006F5C92;
			remoteInfo = QRpos;
		};
		3086F49F1F7D9107006F5C92 /* PBXContainerItemProxy */ = {
			isa = PBXContainerItemProxy;
			containerPortal = 3086F4771F7D9107006F5C92 /* Project object */;
			proxyType = 1;
			remoteGlobalIDString = 3086F47E1F7D9107006F5C92;
			remoteInfo = QRpos;
		};
/* End PBXContainerItemProxy section */

/* Begin PBXFileReference section */
		301ADBC81FA1309700E016EE /* OrderItem.swift */ = {isa = PBXFileReference; lastKnownFileType = sourcecode.swift; path = OrderItem.swift; sourceTree = "<group>"; };
		301ADBCA1FA266B900E016EE /* PaymentViewController.swift */ = {isa = PBXFileReference; lastKnownFileType = sourcecode.swift; path = PaymentViewController.swift; sourceTree = "<group>"; };
		301ADBCC1FA3922000E016EE /* QRViewController.swift */ = {isa = PBXFileReference; lastKnownFileType = sourcecode.swift; path = QRViewController.swift; sourceTree = "<group>"; };
		301ADBCE1FA3922B00E016EE /* CashViewController.swift */ = {isa = PBXFileReference; lastKnownFileType = sourcecode.swift; path = CashViewController.swift; sourceTree = "<group>"; };
		301ADBD01FA3923300E016EE /* CardViewController.swift */ = {isa = PBXFileReference; lastKnownFileType = sourcecode.swift; path = CardViewController.swift; sourceTree = "<group>"; };
		301ADBD21FA3A5C200E016EE /* QRConfirmViewController.swift */ = {isa = PBXFileReference; lastKnownFileType = sourcecode.swift; path = QRConfirmViewController.swift; sourceTree = "<group>"; };
		301EC0D41F9D0DCC0097915B /* DrinkSelectionTableViewCell.swift */ = {isa = PBXFileReference; lastKnownFileType = sourcecode.swift; path = DrinkSelectionTableViewCell.swift; sourceTree = "<group>"; };
		301EC0D71F9D10D40097915B /* OrderTableViewCell.swift */ = {isa = PBXFileReference; lastKnownFileType = sourcecode.swift; path = OrderTableViewCell.swift; sourceTree = "<group>"; };
		307724B01FA519CD00493B91 /* Global.swift */ = {isa = PBXFileReference; lastKnownFileType = sourcecode.swift; path = Global.swift; sourceTree = "<group>"; };
		307724B21FA51CF900493B91 /* Alerts.swift */ = {isa = PBXFileReference; lastKnownFileType = sourcecode.swift; path = Alerts.swift; sourceTree = "<group>"; };
		307724B41FA525FA00493B91 /* OpenOrdersTableViewCell.swift */ = {isa = PBXFileReference; lastKnownFileType = sourcecode.swift; path = OpenOrdersTableViewCell.swift; sourceTree = "<group>"; };
		307724B61FA527B000493B91 /* Order.swift */ = {isa = PBXFileReference; lastKnownFileType = sourcecode.swift; path = Order.swift; sourceTree = "<group>"; };
		307724B81FA5EBDB00493B91 /* Drinks.swift */ = {isa = PBXFileReference; lastKnownFileType = sourcecode.swift; path = Drinks.swift; sourceTree = "<group>"; };
		3086F47F1F7D9107006F5C92 /* QRpos.app */ = {isa = PBXFileReference; explicitFileType = wrapper.application; includeInIndex = 0; path = QRpos.app; sourceTree = BUILT_PRODUCTS_DIR; };
		3086F4821F7D9107006F5C92 /* AppDelegate.swift */ = {isa = PBXFileReference; lastKnownFileType = sourcecode.swift; path = AppDelegate.swift; sourceTree = "<group>"; };
		3086F4841F7D9107006F5C92 /* InitialViewController.swift */ = {isa = PBXFileReference; lastKnownFileType = sourcecode.swift; path = InitialViewController.swift; sourceTree = "<group>"; };
		3086F4871F7D9107006F5C92 /* Base */ = {isa = PBXFileReference; lastKnownFileType = file.storyboard; name = Base; path = Base.lproj/Main.storyboard; sourceTree = "<group>"; };
		3086F4891F7D9107006F5C92 /* Assets.xcassets */ = {isa = PBXFileReference; lastKnownFileType = folder.assetcatalog; path = Assets.xcassets; sourceTree = "<group>"; };
		3086F48C1F7D9107006F5C92 /* Base */ = {isa = PBXFileReference; lastKnownFileType = file.storyboard; name = Base; path = Base.lproj/LaunchScreen.storyboard; sourceTree = "<group>"; };
		3086F48E1F7D9107006F5C92 /* Info.plist */ = {isa = PBXFileReference; lastKnownFileType = text.plist.xml; path = Info.plist; sourceTree = "<group>"; };
		3086F4931F7D9107006F5C92 /* QRposTests.xctest */ = {isa = PBXFileReference; explicitFileType = wrapper.cfbundle; includeInIndex = 0; path = QRposTests.xctest; sourceTree = BUILT_PRODUCTS_DIR; };
		3086F4971F7D9107006F5C92 /* QRposTests.swift */ = {isa = PBXFileReference; lastKnownFileType = sourcecode.swift; path = QRposTests.swift; sourceTree = "<group>"; };
		3086F4991F7D9107006F5C92 /* Info.plist */ = {isa = PBXFileReference; lastKnownFileType = text.plist.xml; path = Info.plist; sourceTree = "<group>"; };
		3086F49E1F7D9107006F5C92 /* QRposUITests.xctest */ = {isa = PBXFileReference; explicitFileType = wrapper.cfbundle; includeInIndex = 0; path = QRposUITests.xctest; sourceTree = BUILT_PRODUCTS_DIR; };
		3086F4A21F7D9107006F5C92 /* QRposUITests.swift */ = {isa = PBXFileReference; lastKnownFileType = sourcecode.swift; path = QRposUITests.swift; sourceTree = "<group>"; };
		3086F4A41F7D9107006F5C92 /* Info.plist */ = {isa = PBXFileReference; lastKnownFileType = text.plist.xml; path = Info.plist; sourceTree = "<group>"; };
		30935A541F9FEEC40056A380 /* NewOrderViewController.swift */ = {isa = PBXFileReference; lastKnownFileType = sourcecode.swift; path = NewOrderViewController.swift; sourceTree = "<group>"; };
		3097F6021FA1036300810B35 /* CloseTabViewController.swift */ = {isa = PBXFileReference; lastKnownFileType = sourcecode.swift; path = CloseTabViewController.swift; sourceTree = "<group>"; };
		3097F6071FA1055D00810B35 /* Drink.swift */ = {isa = PBXFileReference; lastKnownFileType = sourcecode.swift; path = Drink.swift; sourceTree = "<group>"; };
		30E192D11FA7621600A7EC02 /* API.swift */ = {isa = PBXFileReference; lastKnownFileType = sourcecode.swift; path = API.swift; sourceTree = "<group>"; };
/* End PBXFileReference section */

/* Begin PBXFrameworksBuildPhase section */
		3086F47C1F7D9107006F5C92 /* Frameworks */ = {
			isa = PBXFrameworksBuildPhase;
			buildActionMask = 2147483647;
			files = (
			);
			runOnlyForDeploymentPostprocessing = 0;
		};
		3086F4901F7D9107006F5C92 /* Frameworks */ = {
			isa = PBXFrameworksBuildPhase;
			buildActionMask = 2147483647;
			files = (
			);
			runOnlyForDeploymentPostprocessing = 0;
		};
		3086F49B1F7D9107006F5C92 /* Frameworks */ = {
			isa = PBXFrameworksBuildPhase;
			buildActionMask = 2147483647;
			files = (
			);
			runOnlyForDeploymentPostprocessing = 0;
		};
/* End PBXFrameworksBuildPhase section */

/* Begin PBXGroup section */
		301EC0D61F9D0DD80097915B /* Cells */ = {
			isa = PBXGroup;
			children = (
				301EC0D41F9D0DCC0097915B /* DrinkSelectionTableViewCell.swift */,
				301EC0D71F9D10D40097915B /* OrderTableViewCell.swift */,
				307724B41FA525FA00493B91 /* OpenOrdersTableViewCell.swift */,
			);
			path = Cells;
			sourceTree = "<group>";
		};
		301EC0D91F9D3EC30097915B /* Views */ = {
			isa = PBXGroup;
			children = (
				3086F4841F7D9107006F5C92 /* InitialViewController.swift */,
				3097F6021FA1036300810B35 /* CloseTabViewController.swift */,
				30935A541F9FEEC40056A380 /* NewOrderViewController.swift */,
				301ADBCA1FA266B900E016EE /* PaymentViewController.swift */,
				301ADBCE1FA3922B00E016EE /* CashViewController.swift */,
				301ADBD01FA3923300E016EE /* CardViewController.swift */,
				301ADBCC1FA3922000E016EE /* QRViewController.swift */,
				301ADBD21FA3A5C200E016EE /* QRConfirmViewController.swift */,
			);
			path = Views;
			sourceTree = "<group>";
		};
		3086F4761F7D9107006F5C92 = {
			isa = PBXGroup;
			children = (
				3086F4811F7D9107006F5C92 /* QRpos */,
				3086F4961F7D9107006F5C92 /* QRposTests */,
				3086F4A11F7D9107006F5C92 /* QRposUITests */,
				3086F4801F7D9107006F5C92 /* Products */,
			);
			sourceTree = "<group>";
		};
		3086F4801F7D9107006F5C92 /* Products */ = {
			isa = PBXGroup;
			children = (
				3086F47F1F7D9107006F5C92 /* QRpos.app */,
				3086F4931F7D9107006F5C92 /* QRposTests.xctest */,
				3086F49E1F7D9107006F5C92 /* QRposUITests.xctest */,
			);
			name = Products;
			sourceTree = "<group>";
		};
		3086F4811F7D9107006F5C92 /* QRpos */ = {
			isa = PBXGroup;
			children = (
				3086F4821F7D9107006F5C92 /* AppDelegate.swift */,
				3097F6061FA1055200810B35 /* Classes */,
				301EC0D91F9D3EC30097915B /* Views */,
				301EC0D61F9D0DD80097915B /* Cells */,
				3086F4861F7D9107006F5C92 /* Main.storyboard */,
				3086F4891F7D9107006F5C92 /* Assets.xcassets */,
				3086F48B1F7D9107006F5C92 /* LaunchScreen.storyboard */,
				3086F48E1F7D9107006F5C92 /* Info.plist */,
			);
			path = QRpos;
			sourceTree = "<group>";
		};
		3086F4961F7D9107006F5C92 /* QRposTests */ = {
			isa = PBXGroup;
			children = (
				3086F4971F7D9107006F5C92 /* QRposTests.swift */,
				3086F4991F7D9107006F5C92 /* Info.plist */,
			);
			path = QRposTests;
			sourceTree = "<group>";
		};
		3086F4A11F7D9107006F5C92 /* QRposUITests */ = {
			isa = PBXGroup;
			children = (
				3086F4A21F7D9107006F5C92 /* QRposUITests.swift */,
				3086F4A41F7D9107006F5C92 /* Info.plist */,
			);
			path = QRposUITests;
			sourceTree = "<group>";
		};
		3097F6061FA1055200810B35 /* Classes */ = {
			isa = PBXGroup;
			children = (
				3097F6071FA1055D00810B35 /* Drink.swift */,
				307724B81FA5EBDB00493B91 /* Drinks.swift */,
				301ADBC81FA1309700E016EE /* OrderItem.swift */,
				307724B61FA527B000493B91 /* Order.swift */,
				307724B01FA519CD00493B91 /* Global.swift */,
				307724B21FA51CF900493B91 /* Alerts.swift */,
				30E192D11FA7621600A7EC02 /* API.swift */,
			);
			path = Classes;
			sourceTree = "<group>";
		};
/* End PBXGroup section */

/* Begin PBXNativeTarget section */
		3086F47E1F7D9107006F5C92 /* QRpos */ = {
			isa = PBXNativeTarget;
			buildConfigurationList = 3086F4A71F7D9107006F5C92 /* Build configuration list for PBXNativeTarget "QRpos" */;
			buildPhases = (
				3086F47B1F7D9107006F5C92 /* Sources */,
				3086F47C1F7D9107006F5C92 /* Frameworks */,
				3086F47D1F7D9107006F5C92 /* Resources */,
			);
			buildRules = (
			);
			dependencies = (
			);
			name = QRpos;
			productName = QRpos;
			productReference = 3086F47F1F7D9107006F5C92 /* QRpos.app */;
			productType = "com.apple.product-type.application";
		};
		3086F4921F7D9107006F5C92 /* QRposTests */ = {
			isa = PBXNativeTarget;
			buildConfigurationList = 3086F4AA1F7D9107006F5C92 /* Build configuration list for PBXNativeTarget "QRposTests" */;
			buildPhases = (
				3086F48F1F7D9107006F5C92 /* Sources */,
				3086F4901F7D9107006F5C92 /* Frameworks */,
				3086F4911F7D9107006F5C92 /* Resources */,
			);
			buildRules = (
			);
			dependencies = (
				3086F4951F7D9107006F5C92 /* PBXTargetDependency */,
			);
			name = QRposTests;
			productName = QRposTests;
			productReference = 3086F4931F7D9107006F5C92 /* QRposTests.xctest */;
			productType = "com.apple.product-type.bundle.unit-test";
		};
		3086F49D1F7D9107006F5C92 /* QRposUITests */ = {
			isa = PBXNativeTarget;
			buildConfigurationList = 3086F4AD1F7D9107006F5C92 /* Build configuration list for PBXNativeTarget "QRposUITests" */;
			buildPhases = (
				3086F49A1F7D9107006F5C92 /* Sources */,
				3086F49B1F7D9107006F5C92 /* Frameworks */,
				3086F49C1F7D9107006F5C92 /* Resources */,
			);
			buildRules = (
			);
			dependencies = (
				3086F4A01F7D9107006F5C92 /* PBXTargetDependency */,
			);
			name = QRposUITests;
			productName = QRposUITests;
			productReference = 3086F49E1F7D9107006F5C92 /* QRposUITests.xctest */;
			productType = "com.apple.product-type.bundle.ui-testing";
		};
/* End PBXNativeTarget section */

/* Begin PBXProject section */
		3086F4771F7D9107006F5C92 /* Project object */ = {
			isa = PBXProject;
			attributes = {
				LastSwiftUpdateCheck = 0900;
				LastUpgradeCheck = 0900;
				ORGANIZATIONNAME = "Owen Harper";
				TargetAttributes = {
					3086F47E1F7D9107006F5C92 = {
						CreatedOnToolsVersion = 9.0;
						ProvisioningStyle = Automatic;
					};
					3086F4921F7D9107006F5C92 = {
						CreatedOnToolsVersion = 9.0;
						ProvisioningStyle = Automatic;
						TestTargetID = 3086F47E1F7D9107006F5C92;
					};
					3086F49D1F7D9107006F5C92 = {
						CreatedOnToolsVersion = 9.0;
						ProvisioningStyle = Automatic;
						TestTargetID = 3086F47E1F7D9107006F5C92;
					};
				};
			};
			buildConfigurationList = 3086F47A1F7D9107006F5C92 /* Build configuration list for PBXProject "QRpos" */;
			compatibilityVersion = "Xcode 8.0";
			developmentRegion = en;
			hasScannedForEncodings = 0;
			knownRegions = (
				en,
				Base,
			);
			mainGroup = 3086F4761F7D9107006F5C92;
			productRefGroup = 3086F4801F7D9107006F5C92 /* Products */;
			projectDirPath = "";
			projectRoot = "";
			targets = (
				3086F47E1F7D9107006F5C92 /* QRpos */,
				3086F4921F7D9107006F5C92 /* QRposTests */,
				3086F49D1F7D9107006F5C92 /* QRposUITests */,
			);
		};
/* End PBXProject section */

/* Begin PBXResourcesBuildPhase section */
		3086F47D1F7D9107006F5C92 /* Resources */ = {
			isa = PBXResourcesBuildPhase;
			buildActionMask = 2147483647;
			files = (
				3086F48D1F7D9107006F5C92 /* LaunchScreen.storyboard in Resources */,
				3086F48A1F7D9107006F5C92 /* Assets.xcassets in Resources */,
				3086F4881F7D9107006F5C92 /* Main.storyboard in Resources */,
			);
			runOnlyForDeploymentPostprocessing = 0;
		};
		3086F4911F7D9107006F5C92 /* Resources */ = {
			isa = PBXResourcesBuildPhase;
			buildActionMask = 2147483647;
			files = (
			);
			runOnlyForDeploymentPostprocessing = 0;
		};
		3086F49C1F7D9107006F5C92 /* Resources */ = {
			isa = PBXResourcesBuildPhase;
			buildActionMask = 2147483647;
			files = (
			);
			runOnlyForDeploymentPostprocessing = 0;
		};
/* End PBXResourcesBuildPhase section */

/* Begin PBXSourcesBuildPhase section */
		3086F47B1F7D9107006F5C92 /* Sources */ = {
			isa = PBXSourcesBuildPhase;
			buildActionMask = 2147483647;
			files = (
				301EC0D51F9D0DCD0097915B /* DrinkSelectionTableViewCell.swift in Sources */,
				30E192D21FA7621600A7EC02 /* API.swift in Sources */,
				301ADBCF1FA3922B00E016EE /* CashViewController.swift in Sources */,
				307724B31FA51CF900493B91 /* Alerts.swift in Sources */,
				301ADBCD1FA3922000E016EE /* QRViewController.swift in Sources */,
				3097F6031FA1036300810B35 /* CloseTabViewController.swift in Sources */,
				301ADBD31FA3A5C200E016EE /* QRConfirmViewController.swift in Sources */,
				301ADBC91FA1309700E016EE /* OrderItem.swift in Sources */,
				307724B51FA525FA00493B91 /* OpenOrdersTableViewCell.swift in Sources */,
				30935A551F9FEEC40056A380 /* NewOrderViewController.swift in Sources */,
				3086F4851F7D9107006F5C92 /* InitialViewController.swift in Sources */,
				307724B11FA519CD00493B91 /* Global.swift in Sources */,
				301EC0D81F9D10D40097915B /* OrderTableViewCell.swift in Sources */,
				307724B71FA527B000493B91 /* Order.swift in Sources */,
				301ADBD11FA3923300E016EE /* CardViewController.swift in Sources */,
				307724B91FA5EBDB00493B91 /* Drinks.swift in Sources */,
				3097F6081FA1055D00810B35 /* Drink.swift in Sources */,
				301ADBCB1FA266B900E016EE /* PaymentViewController.swift in Sources */,
				3086F4831F7D9107006F5C92 /* AppDelegate.swift in Sources */,
			);
			runOnlyForDeploymentPostprocessing = 0;
		};
		3086F48F1F7D9107006F5C92 /* Sources */ = {
			isa = PBXSourcesBuildPhase;
			buildActionMask = 2147483647;
			files = (
				3086F4981F7D9107006F5C92 /* QRposTests.swift in Sources */,
			);
			runOnlyForDeploymentPostprocessing = 0;
		};
		3086F49A1F7D9107006F5C92 /* Sources */ = {
			isa = PBXSourcesBuildPhase;
			buildActionMask = 2147483647;
			files = (
				3086F4A31F7D9107006F5C92 /* QRposUITests.swift in Sources */,
			);
			runOnlyForDeploymentPostprocessing = 0;
		};
/* End PBXSourcesBuildPhase section */

/* Begin PBXTargetDependency section */
		3086F4951F7D9107006F5C92 /* PBXTargetDependency */ = {
			isa = PBXTargetDependency;
			target = 3086F47E1F7D9107006F5C92 /* QRpos */;
			targetProxy = 3086F4941F7D9107006F5C92 /* PBXContainerItemProxy */;
		};
		3086F4A01F7D9107006F5C92 /* PBXTargetDependency */ = {
			isa = PBXTargetDependency;
			target = 3086F47E1F7D9107006F5C92 /* QRpos */;
			targetProxy = 3086F49F1F7D9107006F5C92 /* PBXContainerItemProxy */;
		};
/* End PBXTargetDependency section */

/* Begin PBXVariantGroup section */
		3086F4861F7D9107006F5C92 /* Main.storyboard */ = {
			isa = PBXVariantGroup;
			children = (
				3086F4871F7D9107006F5C92 /* Base */,
			);
			name = Main.storyboard;
			sourceTree = "<group>";
		};
		3086F48B1F7D9107006F5C92 /* LaunchScreen.storyboard */ = {
			isa = PBXVariantGroup;
			children = (
				3086F48C1F7D9107006F5C92 /* Base */,
			);
			name = LaunchScreen.storyboard;
			sourceTree = "<group>";
		};
/* End PBXVariantGroup section */

/* Begin XCBuildConfiguration section */
		3086F4A51F7D9107006F5C92 /* Debug */ = {
			isa = XCBuildConfiguration;
			buildSettings = {
				ALWAYS_SEARCH_USER_PATHS = NO;
				CLANG_ANALYZER_NONNULL = YES;
				CLANG_ANALYZER_NUMBER_OBJECT_CONVERSION = YES_AGGRESSIVE;
				CLANG_CXX_LANGUAGE_STANDARD = "gnu++14";
				CLANG_CXX_LIBRARY = "libc++";
				CLANG_ENABLE_MODULES = YES;
				CLANG_ENABLE_OBJC_ARC = YES;
				CLANG_WARN_BLOCK_CAPTURE_AUTORELEASING = YES;
				CLANG_WARN_BOOL_CONVERSION = YES;
				CLANG_WARN_COMMA = YES;
				CLANG_WARN_CONSTANT_CONVERSION = YES;
				CLANG_WARN_DIRECT_OBJC_ISA_USAGE = YES_ERROR;
				CLANG_WARN_DOCUMENTATION_COMMENTS = YES;
				CLANG_WARN_EMPTY_BODY = YES;
				CLANG_WARN_ENUM_CONVERSION = YES;
				CLANG_WARN_INFINITE_RECURSION = YES;
				CLANG_WARN_INT_CONVERSION = YES;
				CLANG_WARN_NON_LITERAL_NULL_CONVERSION = YES;
				CLANG_WARN_OBJC_LITERAL_CONVERSION = YES;
				CLANG_WARN_OBJC_ROOT_CLASS = YES_ERROR;
				CLANG_WARN_RANGE_LOOP_ANALYSIS = YES;
				CLANG_WARN_STRICT_PROTOTYPES = YES;
				CLANG_WARN_SUSPICIOUS_MOVE = YES;
				CLANG_WARN_UNGUARDED_AVAILABILITY = YES_AGGRESSIVE;
				CLANG_WARN_UNREACHABLE_CODE = YES;
				CLANG_WARN__DUPLICATE_METHOD_MATCH = YES;
				CODE_SIGN_IDENTITY = "iPhone Developer";
				COPY_PHASE_STRIP = NO;
				DEBUG_INFORMATION_FORMAT = dwarf;
				ENABLE_STRICT_OBJC_MSGSEND = YES;
				ENABLE_TESTABILITY = YES;
				GCC_C_LANGUAGE_STANDARD = gnu11;
				GCC_DYNAMIC_NO_PIC = NO;
				GCC_NO_COMMON_BLOCKS = YES;
				GCC_OPTIMIZATION_LEVEL = 0;
				GCC_PREPROCESSOR_DEFINITIONS = (
					"DEBUG=1",
					"$(inherited)",
				);
				GCC_WARN_64_TO_32_BIT_CONVERSION = YES;
				GCC_WARN_ABOUT_RETURN_TYPE = YES_ERROR;
				GCC_WARN_UNDECLARED_SELECTOR = YES;
				GCC_WARN_UNINITIALIZED_AUTOS = YES_AGGRESSIVE;
				GCC_WARN_UNUSED_FUNCTION = YES;
				GCC_WARN_UNUSED_VARIABLE = YES;
				IPHONEOS_DEPLOYMENT_TARGET = 11.0;
				MTL_ENABLE_DEBUG_INFO = YES;
				ONLY_ACTIVE_ARCH = YES;
				SDKROOT = iphoneos;
				SWIFT_ACTIVE_COMPILATION_CONDITIONS = DEBUG;
				SWIFT_OPTIMIZATION_LEVEL = "-Onone";
			};
			name = Debug;
		};
		3086F4A61F7D9107006F5C92 /* Release */ = {
			isa = XCBuildConfiguration;
			buildSettings = {
				ALWAYS_SEARCH_USER_PATHS = NO;
				CLANG_ANALYZER_NONNULL = YES;
				CLANG_ANALYZER_NUMBER_OBJECT_CONVERSION = YES_AGGRESSIVE;
				CLANG_CXX_LANGUAGE_STANDARD = "gnu++14";
				CLANG_CXX_LIBRARY = "libc++";
				CLANG_ENABLE_MODULES = YES;
				CLANG_ENABLE_OBJC_ARC = YES;
				CLANG_WARN_BLOCK_CAPTURE_AUTORELEASING = YES;
				CLANG_WARN_BOOL_CONVERSION = YES;
				CLANG_WARN_COMMA = YES;
				CLANG_WARN_CONSTANT_CONVERSION = YES;
				CLANG_WARN_DIRECT_OBJC_ISA_USAGE = YES_ERROR;
				CLANG_WARN_DOCUMENTATION_COMMENTS = YES;
				CLANG_WARN_EMPTY_BODY = YES;
				CLANG_WARN_ENUM_CONVERSION = YES;
				CLANG_WARN_INFINITE_RECURSION = YES;
				CLANG_WARN_INT_CONVERSION = YES;
				CLANG_WARN_NON_LITERAL_NULL_CONVERSION = YES;
				CLANG_WARN_OBJC_LITERAL_CONVERSION = YES;
				CLANG_WARN_OBJC_ROOT_CLASS = YES_ERROR;
				CLANG_WARN_RANGE_LOOP_ANALYSIS = YES;
				CLANG_WARN_STRICT_PROTOTYPES = YES;
				CLANG_WARN_SUSPICIOUS_MOVE = YES;
				CLANG_WARN_UNGUARDED_AVAILABILITY = YES_AGGRESSIVE;
				CLANG_WARN_UNREACHABLE_CODE = YES;
				CLANG_WARN__DUPLICATE_METHOD_MATCH = YES;
				CODE_SIGN_IDENTITY = "iPhone Developer";
				COPY_PHASE_STRIP = NO;
				DEBUG_INFORMATION_FORMAT = "dwarf-with-dsym";
				ENABLE_NS_ASSERTIONS = NO;
				ENABLE_STRICT_OBJC_MSGSEND = YES;
				GCC_C_LANGUAGE_STANDARD = gnu11;
				GCC_NO_COMMON_BLOCKS = YES;
				GCC_WARN_64_TO_32_BIT_CONVERSION = YES;
				GCC_WARN_ABOUT_RETURN_TYPE = YES_ERROR;
				GCC_WARN_UNDECLARED_SELECTOR = YES;
				GCC_WARN_UNINITIALIZED_AUTOS = YES_AGGRESSIVE;
				GCC_WARN_UNUSED_FUNCTION = YES;
				GCC_WARN_UNUSED_VARIABLE = YES;
				IPHONEOS_DEPLOYMENT_TARGET = 11.0;
				MTL_ENABLE_DEBUG_INFO = NO;
				SDKROOT = iphoneos;
				SWIFT_OPTIMIZATION_LEVEL = "-Owholemodule";
				VALIDATE_PRODUCT = YES;
			};
			name = Release;
		};
		3086F4A81F7D9107006F5C92 /* Debug */ = {
			isa = XCBuildConfiguration;
			buildSettings = {
				ASSETCATALOG_COMPILER_APPICON_NAME = AppIcon;
				CODE_SIGN_STYLE = Automatic;
				DEVELOPMENT_TEAM = 953KR5WRL4;
				INFOPLIST_FILE = QRpos/Info.plist;
				IPHONEOS_DEPLOYMENT_TARGET = 11;
				LD_RUNPATH_SEARCH_PATHS = "$(inherited) @executable_path/Frameworks";
				PRODUCT_BUNDLE_IDENTIFIER = com.owenharper.harpersqrpos;
				PRODUCT_NAME = "$(TARGET_NAME)";
				SWIFT_VERSION = 4.0;
				TARGETED_DEVICE_FAMILY = 2;
			};
			name = Debug;
		};
		3086F4A91F7D9107006F5C92 /* Release */ = {
			isa = XCBuildConfiguration;
			buildSettings = {
				ASSETCATALOG_COMPILER_APPICON_NAME = AppIcon;
				CODE_SIGN_STYLE = Automatic;
				DEVELOPMENT_TEAM = 953KR5WRL4;
				INFOPLIST_FILE = QRpos/Info.plist;
				IPHONEOS_DEPLOYMENT_TARGET = 11;
				LD_RUNPATH_SEARCH_PATHS = "$(inherited) @executable_path/Frameworks";
				PRODUCT_BUNDLE_IDENTIFIER = com.owenharper.harpersqrpos;
				PRODUCT_NAME = "$(TARGET_NAME)";
				SWIFT_VERSION = 4.0;
				TARGETED_DEVICE_FAMILY = 2;
			};
			name = Release;
		};
		3086F4AB1F7D9107006F5C92 /* Debug */ = {
			isa = XCBuildConfiguration;
			buildSettings = {
				ALWAYS_EMBED_SWIFT_STANDARD_LIBRARIES = YES;
				BUNDLE_LOADER = "$(TEST_HOST)";
				CODE_SIGN_STYLE = Automatic;
				DEVELOPMENT_TEAM = FS4R4RGBU3;
				INFOPLIST_FILE = QRposTests/Info.plist;
				LD_RUNPATH_SEARCH_PATHS = "$(inherited) @executable_path/Frameworks @loader_path/Frameworks";
				PRODUCT_BUNDLE_IDENTIFIER = com.owenharper.QRposTests;
				PRODUCT_NAME = "$(TARGET_NAME)";
				SWIFT_VERSION = 4.0;
				TARGETED_DEVICE_FAMILY = "1,2";
				TEST_HOST = "$(BUILT_PRODUCTS_DIR)/QRpos.app/QRpos";
			};
			name = Debug;
		};
		3086F4AC1F7D9107006F5C92 /* Release */ = {
			isa = XCBuildConfiguration;
			buildSettings = {
				ALWAYS_EMBED_SWIFT_STANDARD_LIBRARIES = YES;
				BUNDLE_LOADER = "$(TEST_HOST)";
				CODE_SIGN_STYLE = Automatic;
				DEVELOPMENT_TEAM = FS4R4RGBU3;
				INFOPLIST_FILE = QRposTests/Info.plist;
				LD_RUNPATH_SEARCH_PATHS = "$(inherited) @executable_path/Frameworks @loader_path/Frameworks";
				PRODUCT_BUNDLE_IDENTIFIER = com.owenharper.QRposTests;
				PRODUCT_NAME = "$(TARGET_NAME)";
				SWIFT_VERSION = 4.0;
				TARGETED_DEVICE_FAMILY = "1,2";
				TEST_HOST = "$(BUILT_PRODUCTS_DIR)/QRpos.app/QRpos";
			};
			name = Release;
		};
		3086F4AE1F7D9107006F5C92 /* Debug */ = {
			isa = XCBuildConfiguration;
			buildSettings = {
				ALWAYS_EMBED_SWIFT_STANDARD_LIBRARIES = YES;
				CODE_SIGN_STYLE = Automatic;
				DEVELOPMENT_TEAM = FS4R4RGBU3;
				INFOPLIST_FILE = QRposUITests/Info.plist;
				LD_RUNPATH_SEARCH_PATHS = "$(inherited) @executable_path/Frameworks @loader_path/Frameworks";
				PRODUCT_BUNDLE_IDENTIFIER = com.owenharper.QRposUITests;
				PRODUCT_NAME = "$(TARGET_NAME)";
				SWIFT_VERSION = 4.0;
				TARGETED_DEVICE_FAMILY = "1,2";
				TEST_TARGET_NAME = QRpos;
			};
			name = Debug;
		};
		3086F4AF1F7D9107006F5C92 /* Release */ = {
			isa = XCBuildConfiguration;
			buildSettings = {
				ALWAYS_EMBED_SWIFT_STANDARD_LIBRARIES = YES;
				CODE_SIGN_STYLE = Automatic;
				DEVELOPMENT_TEAM = FS4R4RGBU3;
				INFOPLIST_FILE = QRposUITests/Info.plist;
				LD_RUNPATH_SEARCH_PATHS = "$(inherited) @executable_path/Frameworks @loader_path/Frameworks";
				PRODUCT_BUNDLE_IDENTIFIER = com.owenharper.QRposUITests;
				PRODUCT_NAME = "$(TARGET_NAME)";
				SWIFT_VERSION = 4.0;
				TARGETED_DEVICE_FAMILY = "1,2";
				TEST_TARGET_NAME = QRpos;
			};
			name = Release;
		};
/* End XCBuildConfiguration section */

/* Begin XCConfigurationList section */
		3086F47A1F7D9107006F5C92 /* Build configuration list for PBXProject "QRpos" */ = {
			isa = XCConfigurationList;
			buildConfigurations = (
				3086F4A51F7D9107006F5C92 /* Debug */,
				3086F4A61F7D9107006F5C92 /* Release */,
			);
			defaultConfigurationIsVisible = 0;
			defaultConfigurationName = Release;
		};
		3086F4A71F7D9107006F5C92 /* Build configuration list for PBXNativeTarget "QRpos" */ = {
			isa = XCConfigurationList;
			buildConfigurations = (
				3086F4A81F7D9107006F5C92 /* Debug */,
				3086F4A91F7D9107006F5C92 /* Release */,
			);
			defaultConfigurationIsVisible = 0;
			defaultConfigurationName = Release;
		};
		3086F4AA1F7D9107006F5C92 /* Build configuration list for PBXNativeTarget "QRposTests" */ = {
			isa = XCConfigurationList;
			buildConfigurations = (
				3086F4AB1F7D9107006F5C92 /* Debug */,
				3086F4AC1F7D9107006F5C92 /* Release */,
			);
			defaultConfigurationIsVisible = 0;
			defaultConfigurationName = Release;
		};
		3086F4AD1F7D9107006F5C92 /* Build configuration list for PBXNativeTarget "QRposUITests" */ = {
			isa = XCConfigurationList;
			buildConfigurations = (
				3086F4AE1F7D9107006F5C92 /* Debug */,
				3086F4AF1F7D9107006F5C92 /* Release */,
			);
			defaultConfigurationIsVisible = 0;
			defaultConfigurationName = Release;
		};
/* End XCConfigurationList section */
	};
	rootObject = 3086F4771F7D9107006F5C92 /* Project object */;
}
